// !$*UTF8*$!
{
	archiveVersion = 1;
	classes = {
	};
	objectVersion = 55;
	objects = {

/* Begin PBXBuildFile section */
		12278AF0277C425A00037949 /* AppDelegate.swift in Sources */ = {isa = PBXBuildFile; fileRef = 12278AEF277C425A00037949 /* AppDelegate.swift */; };
		12278AF2277C425A00037949 /* SceneDelegate.swift in Sources */ = {isa = PBXBuildFile; fileRef = 12278AF1277C425A00037949 /* SceneDelegate.swift */; };
		12278AF4277C425A00037949 /* ViewController.swift in Sources */ = {isa = PBXBuildFile; fileRef = 12278AF3277C425A00037949 /* ViewController.swift */; };
		12278AF7277C425A00037949 /* Main.storyboard in Resources */ = {isa = PBXBuildFile; fileRef = 12278AF5277C425A00037949 /* Main.storyboard */; };
		12278AF9277C425B00037949 /* Assets.xcassets in Resources */ = {isa = PBXBuildFile; fileRef = 12278AF8277C425B00037949 /* Assets.xcassets */; };
		12278AFC277C425B00037949 /* LaunchScreen.storyboard in Resources */ = {isa = PBXBuildFile; fileRef = 12278AFA277C425B00037949 /* LaunchScreen.storyboard */; };
		12278B06277C4CF500037949 /* LoactionManger.swift in Sources */ = {isa = PBXBuildFile; fileRef = 12278B05277C4CF500037949 /* LoactionManger.swift */; };
/* End PBXBuildFile section */

/* Begin PBXFileReference section */
		12278AEC277C425A00037949 /* GPSDemo.app */ = {isa = PBXFileReference; explicitFileType = wrapper.application; includeInIndex = 0; path = GPSDemo.app; sourceTree = BUILT_PRODUCTS_DIR; };
		12278AEF277C425A00037949 /* AppDelegate.swift */ = {isa = PBXFileReference; lastKnownFileType = sourcecode.swift; path = AppDelegate.swift; sourceTree = "<group>"; };
		12278AF1277C425A00037949 /* SceneDelegate.swift */ = {isa = PBXFileReference; lastKnownFileType = sourcecode.swift; path = SceneDelegate.swift; sourceTree = "<group>"; };
		12278AF3277C425A00037949 /* ViewController.swift */ = {isa = PBXFileReference; lastKnownFileType = sourcecode.swift; path = ViewController.swift; sourceTree = "<group>"; };
		12278AF6277C425A00037949 /* Base */ = {isa = PBXFileReference; lastKnownFileType = file.storyboard; name = Base; path = Base.lproj/Main.storyboard; sourceTree = "<group>"; };
		12278AF8277C425B00037949 /* Assets.xcassets */ = {isa = PBXFileReference; lastKnownFileType = folder.assetcatalog; path = Assets.xcassets; sourceTree = "<group>"; };
		12278AFB277C425B00037949 /* Base */ = {isa = PBXFileReference; lastKnownFileType = file.storyboard; name = Base; path = Base.lproj/LaunchScreen.storyboard; sourceTree = "<group>"; };
		12278AFD277C425B00037949 /* Info.plist */ = {isa = PBXFileReference; lastKnownFileType = text.plist.xml; path = Info.plist; sourceTree = "<group>"; };
		12278B05277C4CF500037949 /* LoactionManger.swift */ = {isa = PBXFileReference; lastKnownFileType = sourcecode.swift; path = LoactionManger.swift; sourceTree = "<group>"; };
/* End PBXFileReference section */

/* Begin PBXFrameworksBuildPhase section */
		12278AE9277C425A00037949 /* Frameworks */ = {
			isa = PBXFrameworksBuildPhase;
			buildActionMask = 2147483647;
			files = (
			);
			runOnlyForDeploymentPostprocessing = 0;
		};
/* End PBXFrameworksBuildPhase section */

/* Begin PBXGroup section */
		12278AE3277C425A00037949 = {
			isa = PBXGroup;
			children = (
				12278AEE277C425A00037949 /* GPSDemo */,
				12278AED277C425A00037949 /* Products */,
			);
			sourceTree = "<group>";
		};
		12278AED277C425A00037949 /* Products */ = {
			isa = PBXGroup;
			children = (
				12278AEC277C425A00037949 /* GPSDemo.app */,
			);
			name = Products;
			sourceTree = "<group>";
		};
		12278AEE277C425A00037949 /* GPSDemo */ = {
			isa = PBXGroup;
			children = (
				124C57D4277C54C000FDA33E /* ViewController */,
				12278B04277C461700037949 /* Model */,
				12278AEF277C425A00037949 /* AppDelegate.swift */,
				12278AF1277C425A00037949 /* SceneDelegate.swift */,
				12278AF8277C425B00037949 /* Assets.xcassets */,
				12278AFA277C425B00037949 /* LaunchScreen.storyboard */,
				12278AFD277C425B00037949 /* Info.plist */,
			);
			path = GPSDemo;
			sourceTree = "<group>";
		};
		12278B03277C453E00037949 /* MainViewController */ = {
			isa = PBXGroup;
			children = (
				12278AF3277C425A00037949 /* ViewController.swift */,
				12278AF5277C425A00037949 /* Main.storyboard */,
			);
			path = MainViewController;
			sourceTree = "<group>";
		};
		12278B04277C461700037949 /* Model */ = {
			isa = PBXGroup;
			children = (
				12278B05277C4CF500037949 /* LoactionManger.swift */,
			);
			path = Model;
			sourceTree = "<group>";
		};
		124C57D4277C54C000FDA33E /* ViewController */ = {
			isa = PBXGroup;
			children = (
				12278B03277C453E00037949 /* MainViewController */,
			);
			path = ViewController;
			sourceTree = "<group>";
		};
/* End PBXGroup section */

/* Begin PBXNativeTarget section */
		12278AEB277C425A00037949 /* GPSDemo */ = {
			isa = PBXNativeTarget;
			buildConfigurationList = 12278B00277C425B00037949 /* Build configuration list for PBXNativeTarget "GPSDemo" */;
			buildPhases = (
				12278AE8277C425A00037949 /* Sources */,
				12278AE9277C425A00037949 /* Frameworks */,
				12278AEA277C425A00037949 /* Resources */,
			);
			buildRules = (
			);
			dependencies = (
			);
			name = GPSDemo;
			productName = GPSDemo;
			productReference = 12278AEC277C425A00037949 /* GPSDemo.app */;
			productType = "com.apple.product-type.application";
		};
/* End PBXNativeTarget section */

/* Begin PBXProject section */
		12278AE4277C425A00037949 /* Project object */ = {
			isa = PBXProject;
			attributes = {
				BuildIndependentTargetsInParallel = 1;
				LastSwiftUpdateCheck = 1300;
				LastUpgradeCheck = 1300;
				TargetAttributes = {
					12278AEB277C425A00037949 = {
						CreatedOnToolsVersion = 13.0;
					};
				};
			};
			buildConfigurationList = 12278AE7277C425A00037949 /* Build configuration list for PBXProject "GPSDemo" */;
			compatibilityVersion = "Xcode 13.0";
			developmentRegion = en;
			hasScannedForEncodings = 0;
			knownRegions = (
				en,
				Base,
			);
			mainGroup = 12278AE3277C425A00037949;
			productRefGroup = 12278AED277C425A00037949 /* Products */;
			projectDirPath = "";
			projectRoot = "";
			targets = (
				12278AEB277C425A00037949 /* GPSDemo */,
			);
		};
/* End PBXProject section */

/* Begin PBXResourcesBuildPhase section */
		12278AEA277C425A00037949 /* Resources */ = {
			isa = PBXResourcesBuildPhase;
			buildActionMask = 2147483647;
			files = (
				12278AFC277C425B00037949 /* LaunchScreen.storyboard in Resources */,
				12278AF9277C425B00037949 /* Assets.xcassets in Resources */,
				12278AF7277C425A00037949 /* Main.storyboard in Resources */,
			);
			runOnlyForDeploymentPostprocessing = 0;
		};
/* End PBXResourcesBuildPhase section */

/* Begin PBXSourcesBuildPhase section */
		12278AE8277C425A00037949 /* Sources */ = {
			isa = PBXSourcesBuildPhase;
			buildActionMask = 2147483647;
			files = (
				12278AF4277C425A00037949 /* ViewController.swift in Sources */,
				12278AF0277C425A00037949 /* AppDelegate.swift in Sources */,
				12278B06277C4CF500037949 /* LoactionManger.swift in Sources */,
				12278AF2277C425A00037949 /* SceneDelegate.swift in Sources */,
			);
			runOnlyForDeploymentPostprocessing = 0;
		};
/* End PBXSourcesBuildPhase section */

/* Begin PBXVariantGroup section */
		12278AF5277C425A00037949 /* Main.storyboard */ = {
			isa = PBXVariantGroup;
			children = (
				12278AF6277C425A00037949 /* Base */,
			);
			name = Main.storyboard;
			sourceTree = "<group>";
		};
		12278AFA277C425B00037949 /* LaunchScreen.storyboard */ = {
			isa = PBXVariantGroup;
			children = (
				12278AFB277C425B00037949 /* Base */,
			);
			name = LaunchScreen.storyboard;
			sourceTree = "<group>";
		};
/* End PBXVariantGroup section */

/* Begin XCBuildConfiguration section */
		12278AFE277C425B00037949 /* Debug */ = {
			isa = XCBuildConfiguration;
			buildSettings = {
				ALWAYS_SEARCH_USER_PATHS = NO;
				CLANG_ANALYZER_NONNULL = YES;
				CLANG_ANALYZER_NUMBER_OBJECT_CONVERSION = YES_AGGRESSIVE;
				CLANG_CXX_LANGUAGE_STANDARD = "gnu++17";
				CLANG_CXX_LIBRARY = "libc++";
				CLANG_ENABLE_MODULES = YES;
				CLANG_ENABLE_OBJC_ARC = YES;
				CLANG_ENABLE_OBJC_WEAK = YES;
				CLANG_WARN_BLOCK_CAPTURE_AUTORELEASING = YES;
				CLANG_WARN_BOOL_CONVERSION = YES;
				CLANG_WARN_COMMA = YES;
				CLANG_WARN_CONSTANT_CONVERSION = YES;
				CLANG_WARN_DEPRECATED_OBJC_IMPLEMENTATIONS = YES;
				CLANG_WARN_DIRECT_OBJC_ISA_USAGE = YES_ERROR;
				CLANG_WARN_DOCUMENTATION_COMMENTS = YES;
				CLANG_WARN_EMPTY_BODY = YES;
				CLANG_WARN_ENUM_CONVERSION = YES;
				CLANG_WARN_INFINITE_RECURSION = YES;
				CLANG_WARN_INT_CONVERSION = YES;
				CLANG_WARN_NON_LITERAL_NULL_CONVERSION = YES;
				CLANG_WARN_OBJC_IMPLICIT_RETAIN_SELF = YES;
				CLANG_WARN_OBJC_LITERAL_CONVERSION = YES;
				CLANG_WARN_OBJC_ROOT_CLASS = YES_ERROR;
				CLANG_WARN_QUOTED_INCLUDE_IN_FRAMEWORK_HEADER = YES;
				CLANG_WARN_RANGE_LOOP_ANALYSIS = YES;
				CLANG_WARN_STRICT_PROTOTYPES = YES;
				CLANG_WARN_SUSPICIOUS_MOVE = YES;
				CLANG_WARN_UNGUARDED_AVAILABILITY = YES_AGGRESSIVE;
				CLANG_WARN_UNREACHABLE_CODE = YES;
				CLANG_WARN__DUPLICATE_METHOD_MATCH = YES;
				COPY_PHASE_STRIP = NO;
				DEBUG_INFORMATION_FORMAT = dwarf;
				ENABLE_STRICT_OBJC_MSGSEND = YES;
				ENABLE_TESTABILITY = YES;
				GCC_C_LANGUAGE_STANDARD = gnu11;
				GCC_DYNAMIC_NO_PIC = NO;
				GCC_NO_COMMON_BLOCKS = YES;
				GCC_OPTIMIZATION_LEVEL = 0;
				GCC_PREPROCESSOR_DEFINITIONS = (
					"DEBUG=1",
					"$(inherited)",
				);
				GCC_WARN_64_TO_32_BIT_CONVERSION = YES;
				GCC_WARN_ABOUT_RETURN_TYPE = YES_ERROR;
				GCC_WARN_UNDECLARED_SELECTOR = YES;
				GCC_WARN_UNINITIALIZED_AUTOS = YES_AGGRESSIVE;
				GCC_WARN_UNUSED_FUNCTION = YES;
				GCC_WARN_UNUSED_VARIABLE = YES;
				IPHONEOS_DEPLOYMENT_TARGET = 15.0;
				MTL_ENABLE_DEBUG_INFO = INCLUDE_SOURCE;
				MTL_FAST_MATH = YES;
				ONLY_ACTIVE_ARCH = YES;
				SDKROOT = iphoneos;
				SWIFT_ACTIVE_COMPILATION_CONDITIONS = DEBUG;
				SWIFT_OPTIMIZATION_LEVEL = "-Onone";
			};
			name = Debug;
		};
		12278AFF277C425B00037949 /* Release */ = {
			isa = XCBuildConfiguration;
			buildSettings = {
				ALWAYS_SEARCH_USER_PATHS = NO;
				CLANG_ANALYZER_NONNULL = YES;
				CLANG_ANALYZER_NUMBER_OBJECT_CONVERSION = YES_AGGRESSIVE;
				CLANG_CXX_LANGUAGE_STANDARD = "gnu++17";
				CLANG_CXX_LIBRARY = "libc++";
				CLANG_ENABLE_MODULES = YES;
				CLANG_ENABLE_OBJC_ARC = YES;
				CLANG_ENABLE_OBJC_WEAK = YES;
				CLANG_WARN_BLOCK_CAPTURE_AUTORELEASING = YES;
				CLANG_WARN_BOOL_CONVERSION = YES;
				CLANG_WARN_COMMA = YES;
				CLANG_WARN_CONSTANT_CONVERSION = YES;
				CLANG_WARN_DEPRECATED_OBJC_IMPLEMENTATIONS = YES;
				CLANG_WARN_DIRECT_OBJC_ISA_USAGE = YES_ERROR;
				CLANG_WARN_DOCUMENTATION_COMMENTS = YES;
				CLANG_WARN_EMPTY_BODY = YES;
				CLANG_WARN_ENUM_CONVERSION = YES;
				CLANG_WARN_INFINITE_RECURSION = YES;
				CLANG_WARN_INT_CONVERSION = YES;
				CLANG_WARN_NON_LITERAL_NULL_CONVERSION = YES;
				CLANG_WARN_OBJC_IMPLICIT_RETAIN_SELF = YES;
				CLANG_WARN_OBJC_LITERAL_CONVERSION = YES;
				CLANG_WARN_OBJC_ROOT_CLASS = YES_ERROR;
				CLANG_WARN_QUOTED_INCLUDE_IN_FRAMEWORK_HEADER = YES;
				CLANG_WARN_RANGE_LOOP_ANALYSIS = YES;
				CLANG_WARN_STRICT_PROTOTYPES = YES;
				CLANG_WARN_SUSPICIOUS_MOVE = YES;
				CLANG_WARN_UNGUARDED_AVAILABILITY = YES_AGGRESSIVE;
				CLANG_WARN_UNREACHABLE_CODE = YES;
				CLANG_WARN__DUPLICATE_METHOD_MATCH = YES;
				COPY_PHASE_STRIP = NO;
				DEBUG_INFORMATION_FORMAT = "dwarf-with-dsym";
				ENABLE_NS_ASSERTIONS = NO;
				ENABLE_STRICT_OBJC_MSGSEND = YES;
				GCC_C_LANGUAGE_STANDARD = gnu11;
				GCC_NO_COMMON_BLOCKS = YES;
				GCC_WARN_64_TO_32_BIT_CONVERSION = YES;
				GCC_WARN_ABOUT_RETURN_TYPE = YES_ERROR;
				GCC_WARN_UNDECLARED_SELECTOR = YES;
				GCC_WARN_UNINITIALIZED_AUTOS = YES_AGGRESSIVE;
				GCC_WARN_UNUSED_FUNCTION = YES;
				GCC_WARN_UNUSED_VARIABLE = YES;
				IPHONEOS_DEPLOYMENT_TARGET = 15.0;
				MTL_ENABLE_DEBUG_INFO = NO;
				MTL_FAST_MATH = YES;
				SDKROOT = iphoneos;
				SWIFT_COMPILATION_MODE = wholemodule;
				SWIFT_OPTIMIZATION_LEVEL = "-O";
				VALIDATE_PRODUCT = YES;
			};
			name = Release;
		};
		12278B01277C425B00037949 /* Debug */ = {
			isa = XCBuildConfiguration;
			buildSettings = {
				ASSETCATALOG_COMPILER_APPICON_NAME = AppIcon;
				ASSETCATALOG_COMPILER_GLOBAL_ACCENT_COLOR_NAME = AccentColor;
				CODE_SIGN_STYLE = Automatic;
				CURRENT_PROJECT_VERSION = 1;
				DEVELOPMENT_TEAM = KWKVL4YQWY;
				GENERATE_INFOPLIST_FILE = YES;
				INFOPLIST_FILE = GPSDemo/Info.plist;
				INFOPLIST_KEY_NSLocationAlwaysAndWhenInUseUsageDescription = "使用定位來過濾周遭活動";
				INFOPLIST_KEY_NSLocationWhenInUseUsageDescription = "使用定位來過濾周遭活動";
				INFOPLIST_KEY_UIApplicationSupportsIndirectInputEvents = YES;
				INFOPLIST_KEY_UILaunchStoryboardName = LaunchScreen;
				INFOPLIST_KEY_UIMainStoryboardFile = Main;
				INFOPLIST_KEY_UISupportedInterfaceOrientations_iPad = "UIInterfaceOrientationPortrait UIInterfaceOrientationPortraitUpsideDown UIInterfaceOrientationLandscapeLeft UIInterfaceOrientationLandscapeRight";
				INFOPLIST_KEY_UISupportedInterfaceOrientations_iPhone = "UIInterfaceOrientationPortrait UIInterfaceOrientationLandscapeLeft UIInterfaceOrientationLandscapeRight";
				IPHONEOS_DEPLOYMENT_TARGET = 13.0;
				LD_RUNPATH_SEARCH_PATHS = (
					"$(inherited)",
					"@executable_path/Frameworks",
				);
				MARKETING_VERSION = 1.0;
				PRODUCT_BUNDLE_IDENTIFIER = practise007.GPSDemo;
				PRODUCT_NAME = "$(TARGET_NAME)";
				SWIFT_EMIT_LOC_STRINGS = YES;
				SWIFT_VERSION = 5.0;
				TARGETED_DEVICE_FAMILY = "1,2";
			};
			name = Debug;
		};
		12278B02277C425B00037949 /* Release */ = {
			isa = XCBuildConfiguration;
			buildSettings = {
				ASSETCATALOG_COMPILER_APPICON_NAME = AppIcon;
				ASSETCATALOG_COMPILER_GLOBAL_ACCENT_COLOR_NAME = AccentColor;
				CODE_SIGN_STYLE = Automatic;
				CURRENT_PROJECT_VERSION = 1;
				DEVELOPMENT_TEAM = KWKVL4YQWY;
				GENERATE_INFOPLIST_FILE = YES;
				INFOPLIST_FILE = GPSDemo/Info.plist;
				INFOPLIST_KEY_NSLocationAlwaysAndWhenInUseUsageDescription = "使用定位來過濾周遭活動";
				INFOPLIST_KEY_NSLocationWhenInUseUsageDescription = "使用定位來過濾周遭活動";
				INFOPLIST_KEY_UIApplicationSupportsIndirectInputEvents = YES;
				INFOPLIST_KEY_UILaunchStoryboardName = LaunchScreen;
				INFOPLIST_KEY_UIMainStoryboardFile = Main;
				INFOPLIST_KEY_UISupportedInterfaceOrientations_iPad = "UIInterfaceOrientationPortrait UIInterfaceOrientationPortraitUpsideDown UIInterfaceOrientationLandscapeLeft UIInterfaceOrientationLandscapeRight";
				INFOPLIST_KEY_UISupportedInterfaceOrientations_iPhone = "UIInterfaceOrientationPortrait UIInterfaceOrientationLandscapeLeft UIInterfaceOrientationLandscapeRight";
				IPHONEOS_DEPLOYMENT_TARGET = 13.0;
				LD_RUNPATH_SEARCH_PATHS = (
					"$(inherited)",
					"@executable_path/Frameworks",
				);
				MARKETING_VERSION = 1.0;
				PRODUCT_BUNDLE_IDENTIFIER = practise007.GPSDemo;
				PRODUCT_NAME = "$(TARGET_NAME)";
				SWIFT_EMIT_LOC_STRINGS = YES;
				SWIFT_VERSION = 5.0;
				TARGETED_DEVICE_FAMILY = "1,2";
			};
			name = Release;
		};
/* End XCBuildConfiguration section */

/* Begin XCConfigurationList section */
		12278AE7277C425A00037949 /* Build configuration list for PBXProject "GPSDemo" */ = {
			isa = XCConfigurationList;
			buildConfigurations = (
				12278AFE277C425B00037949 /* Debug */,
				12278AFF277C425B00037949 /* Release */,
			);
			defaultConfigurationIsVisible = 0;
			defaultConfigurationName = Release;
		};
		12278B00277C425B00037949 /* Build configuration list for PBXNativeTarget "GPSDemo" */ = {
			isa = XCConfigurationList;
			buildConfigurations = (
				12278B01277C425B00037949 /* Debug */,
				12278B02277C425B00037949 /* Release */,
			);
			defaultConfigurationIsVisible = 0;
			defaultConfigurationName = Release;
		};
/* End XCConfigurationList section */
	};
	rootObject = 12278AE4277C425A00037949 /* Project object */;
}
